{
  "version": 4,
  "terraform_version": "1.9.3",
  "serial": 4,
  "lineage": "914faae4-ee48-29f3-9e99-eaedb09a55b6",
  "outputs": {},
  "resources": [
    {
      "mode": "managed",
      "type": "azurerm_resource_group",
      "name": "resource_group",
      "provider": "provider[\"registry.terraform.io/hashicorp/azurerm\"]",
      "instances": [
        {
          "schema_version": 0,
          "attributes": {
            "id": "/subscriptions/972ece94-e847-4b77-9820-787145d1b89e/resourceGroups/rg-curso-terraform",
            "location": "brazilsouth",
            "managed_by": "",
            "name": "rg-curso-terraform",
            "tags": {
              "managed-by": "terraform",
              "owner": "joaolacerda"
            },
            "timeouts": null
          },
          "sensitive_attributes": [],
          "private": "eyJlMmJmYjczMC1lY2FhLTExZTYtOGY4OC0zNDM2M2JjN2M0YzAiOnsiY3JlYXRlIjo1NDAwMDAwMDAwMDAwLCJkZWxldGUiOjU0MDAwMDAwMDAwMDAsInJlYWQiOjMwMDAwMDAwMDAwMCwidXBkYXRlIjo1NDAwMDAwMDAwMDAwfX0="
        }
      ]
    }
  ],
  "check_results": null
}
